// !$*UTF8*$!
{
	archiveVersion = 1;
	classes = {
	};
	objectVersion = 48;
	objects = {

/* Begin PBXBuildFile section */
		01907F511FE8C4D100DFB681 /* AppDelegate.swift in Sources */ = {isa = PBXBuildFile; fileRef = 01907F501FE8C4D100DFB681 /* AppDelegate.swift */; };
		01907F531FE8C4D100DFB681 /* ViewController.swift in Sources */ = {isa = PBXBuildFile; fileRef = 01907F521FE8C4D100DFB681 /* ViewController.swift */; };
		01907F561FE8C4D100DFB681 /* Main.storyboard in Resources */ = {isa = PBXBuildFile; fileRef = 01907F541FE8C4D100DFB681 /* Main.storyboard */; };
		01907F581FE8C4D100DFB681 /* Assets.xcassets in Resources */ = {isa = PBXBuildFile; fileRef = 01907F571FE8C4D100DFB681 /* Assets.xcassets */; };
		01907F5B1FE8C4D100DFB681 /* LaunchScreen.storyboard in Resources */ = {isa = PBXBuildFile; fileRef = 01907F591FE8C4D100DFB681 /* LaunchScreen.storyboard */; };
		01907F661FE8C4D100DFB681 /* ArticleBrowserTests.swift in Sources */ = {isa = PBXBuildFile; fileRef = 01907F651FE8C4D100DFB681 /* ArticleBrowserTests.swift */; };
		01907F711FE8C4D100DFB681 /* ArticleBrowserUITests.swift in Sources */ = {isa = PBXBuildFile; fileRef = 01907F701FE8C4D100DFB681 /* ArticleBrowserUITests.swift */; };
		01BD576E200862B300E45B28 /* LeftMenuViewController.swift in Sources */ = {isa = PBXBuildFile; fileRef = 01BD576D200862B300E45B28 /* LeftMenuViewController.swift */; };
		01BD5775200874F400E45B28 /* Todo.swift in Sources */ = {isa = PBXBuildFile; fileRef = 01BD5774200874F400E45B28 /* Todo.swift */; };
		01BD5777200876DB00E45B28 /* BackendError.swift in Sources */ = {isa = PBXBuildFile; fileRef = 01BD5776200876DB00E45B28 /* BackendError.swift */; };
		21E3FE525D3DEBA54C261276 /* Pods_ArticleBrowserTests.framework in Frameworks */ = {isa = PBXBuildFile; fileRef = 25E2E3A3A98245F3BFD32FA8 /* Pods_ArticleBrowserTests.framework */; };
		9763863FCEFC4C24B72F06C0 /* Pods_ArticleBrowser.framework in Frameworks */ = {isa = PBXBuildFile; fileRef = 2ECA0FB924E25CBA14F34DA8 /* Pods_ArticleBrowser.framework */; };
		A0A113D470137353D3D74C0E /* Pods_ArticleBrowserUITests.framework in Frameworks */ = {isa = PBXBuildFile; fileRef = 26EB40E35D044A873524E473 /* Pods_ArticleBrowserUITests.framework */; };
/* End PBXBuildFile section */

/* Begin PBXContainerItemProxy section */
		01907F621FE8C4D100DFB681 /* PBXContainerItemProxy */ = {
			isa = PBXContainerItemProxy;
			containerPortal = 01907F451FE8C4D100DFB681 /* Project object */;
			proxyType = 1;
			remoteGlobalIDString = 01907F4C1FE8C4D100DFB681;
			remoteInfo = ArticleBrowser;
		};
		01907F6D1FE8C4D100DFB681 /* PBXContainerItemProxy */ = {
			isa = PBXContainerItemProxy;
			containerPortal = 01907F451FE8C4D100DFB681 /* Project object */;
			proxyType = 1;
			remoteGlobalIDString = 01907F4C1FE8C4D100DFB681;
			remoteInfo = ArticleBrowser;
		};
/* End PBXContainerItemProxy section */

/* Begin PBXFileReference section */
		01907F4D1FE8C4D100DFB681 /* ArticleBrowser.app */ = {isa = PBXFileReference; explicitFileType = wrapper.application; includeInIndex = 0; path = ArticleBrowser.app; sourceTree = BUILT_PRODUCTS_DIR; };
		01907F501FE8C4D100DFB681 /* AppDelegate.swift */ = {isa = PBXFileReference; lastKnownFileType = sourcecode.swift; path = AppDelegate.swift; sourceTree = "<group>"; };
		01907F521FE8C4D100DFB681 /* ViewController.swift */ = {isa = PBXFileReference; lastKnownFileType = sourcecode.swift; path = ViewController.swift; sourceTree = "<group>"; };
		01907F551FE8C4D100DFB681 /* Base */ = {isa = PBXFileReference; lastKnownFileType = file.storyboard; name = Base; path = Base.lproj/Main.storyboard; sourceTree = "<group>"; };
		01907F571FE8C4D100DFB681 /* Assets.xcassets */ = {isa = PBXFileReference; lastKnownFileType = folder.assetcatalog; path = Assets.xcassets; sourceTree = "<group>"; };
		01907F5A1FE8C4D100DFB681 /* Base */ = {isa = PBXFileReference; lastKnownFileType = file.storyboard; name = Base; path = Base.lproj/LaunchScreen.storyboard; sourceTree = "<group>"; };
		01907F5C1FE8C4D100DFB681 /* Info.plist */ = {isa = PBXFileReference; lastKnownFileType = text.plist.xml; path = Info.plist; sourceTree = "<group>"; };
		01907F611FE8C4D100DFB681 /* ArticleBrowserTests.xctest */ = {isa = PBXFileReference; explicitFileType = wrapper.cfbundle; includeInIndex = 0; path = ArticleBrowserTests.xctest; sourceTree = BUILT_PRODUCTS_DIR; };
		01907F651FE8C4D100DFB681 /* ArticleBrowserTests.swift */ = {isa = PBXFileReference; lastKnownFileType = sourcecode.swift; path = ArticleBrowserTests.swift; sourceTree = "<group>"; };
		01907F671FE8C4D100DFB681 /* Info.plist */ = {isa = PBXFileReference; lastKnownFileType = text.plist.xml; path = Info.plist; sourceTree = "<group>"; };
		01907F6C1FE8C4D100DFB681 /* ArticleBrowserUITests.xctest */ = {isa = PBXFileReference; explicitFileType = wrapper.cfbundle; includeInIndex = 0; path = ArticleBrowserUITests.xctest; sourceTree = BUILT_PRODUCTS_DIR; };
		01907F701FE8C4D100DFB681 /* ArticleBrowserUITests.swift */ = {isa = PBXFileReference; lastKnownFileType = sourcecode.swift; path = ArticleBrowserUITests.swift; sourceTree = "<group>"; };
		01907F721FE8C4D100DFB681 /* Info.plist */ = {isa = PBXFileReference; lastKnownFileType = text.plist.xml; path = Info.plist; sourceTree = "<group>"; };
		01BD576D200862B300E45B28 /* LeftMenuViewController.swift */ = {isa = PBXFileReference; lastKnownFileType = sourcecode.swift; path = LeftMenuViewController.swift; sourceTree = "<group>"; };
		01BD5774200874F400E45B28 /* Todo.swift */ = {isa = PBXFileReference; lastKnownFileType = sourcecode.swift; path = Todo.swift; sourceTree = "<group>"; };
		01BD5776200876DB00E45B28 /* BackendError.swift */ = {isa = PBXFileReference; lastKnownFileType = sourcecode.swift; path = BackendError.swift; sourceTree = "<group>"; };
		01D876D0647BE9C62E8DB968 /* Pods-ArticleBrowser.debug.xcconfig */ = {isa = PBXFileReference; includeInIndex = 1; lastKnownFileType = text.xcconfig; name = "Pods-ArticleBrowser.debug.xcconfig"; path = "Pods/Target Support Files/Pods-ArticleBrowser/Pods-ArticleBrowser.debug.xcconfig"; sourceTree = "<group>"; };
		031F229A47B0316E727A47A1 /* Pods-ArticleBrowserUITests.release.xcconfig */ = {isa = PBXFileReference; includeInIndex = 1; lastKnownFileType = text.xcconfig; name = "Pods-ArticleBrowserUITests.release.xcconfig"; path = "Pods/Target Support Files/Pods-ArticleBrowserUITests/Pods-ArticleBrowserUITests.release.xcconfig"; sourceTree = "<group>"; };
		25E2E3A3A98245F3BFD32FA8 /* Pods_ArticleBrowserTests.framework */ = {isa = PBXFileReference; explicitFileType = wrapper.framework; includeInIndex = 0; path = Pods_ArticleBrowserTests.framework; sourceTree = BUILT_PRODUCTS_DIR; };
		26EB40E35D044A873524E473 /* Pods_ArticleBrowserUITests.framework */ = {isa = PBXFileReference; explicitFileType = wrapper.framework; includeInIndex = 0; path = Pods_ArticleBrowserUITests.framework; sourceTree = BUILT_PRODUCTS_DIR; };
		2ECA0FB924E25CBA14F34DA8 /* Pods_ArticleBrowser.framework */ = {isa = PBXFileReference; explicitFileType = wrapper.framework; includeInIndex = 0; path = Pods_ArticleBrowser.framework; sourceTree = BUILT_PRODUCTS_DIR; };
		51A1ECADB02A41BA5C5BF02A /* Pods-ArticleBrowser.release.xcconfig */ = {isa = PBXFileReference; includeInIndex = 1; lastKnownFileType = text.xcconfig; name = "Pods-ArticleBrowser.release.xcconfig"; path = "Pods/Target Support Files/Pods-ArticleBrowser/Pods-ArticleBrowser.release.xcconfig"; sourceTree = "<group>"; };
		732841100D28BB4C86D73059 /* Pods-ArticleBrowserTests.debug.xcconfig */ = {isa = PBXFileReference; includeInIndex = 1; lastKnownFileType = text.xcconfig; name = "Pods-ArticleBrowserTests.debug.xcconfig"; path = "Pods/Target Support Files/Pods-ArticleBrowserTests/Pods-ArticleBrowserTests.debug.xcconfig"; sourceTree = "<group>"; };
		753ACEF975250B35160D3F8E /* Pods-ArticleBrowserUITests.debug.xcconfig */ = {isa = PBXFileReference; includeInIndex = 1; lastKnownFileType = text.xcconfig; name = "Pods-ArticleBrowserUITests.debug.xcconfig"; path = "Pods/Target Support Files/Pods-ArticleBrowserUITests/Pods-ArticleBrowserUITests.debug.xcconfig"; sourceTree = "<group>"; };
		8555AB278D23250312667B4A /* Pods-ArticleBrowserTests.release.xcconfig */ = {isa = PBXFileReference; includeInIndex = 1; lastKnownFileType = text.xcconfig; name = "Pods-ArticleBrowserTests.release.xcconfig"; path = "Pods/Target Support Files/Pods-ArticleBrowserTests/Pods-ArticleBrowserTests.release.xcconfig"; sourceTree = "<group>"; };
/* End PBXFileReference section */

/* Begin PBXFrameworksBuildPhase section */
		01907F4A1FE8C4D100DFB681 /* Frameworks */ = {
			isa = PBXFrameworksBuildPhase;
			buildActionMask = 2147483647;
			files = (
				9763863FCEFC4C24B72F06C0 /* Pods_ArticleBrowser.framework in Frameworks */,
			);
			runOnlyForDeploymentPostprocessing = 0;
		};
		01907F5E1FE8C4D100DFB681 /* Frameworks */ = {
			isa = PBXFrameworksBuildPhase;
			buildActionMask = 2147483647;
			files = (
				21E3FE525D3DEBA54C261276 /* Pods_ArticleBrowserTests.framework in Frameworks */,
			);
			runOnlyForDeploymentPostprocessing = 0;
		};
		01907F691FE8C4D100DFB681 /* Frameworks */ = {
			isa = PBXFrameworksBuildPhase;
			buildActionMask = 2147483647;
			files = (
				A0A113D470137353D3D74C0E /* Pods_ArticleBrowserUITests.framework in Frameworks */,
			);
			runOnlyForDeploymentPostprocessing = 0;
		};
/* End PBXFrameworksBuildPhase section */

/* Begin PBXGroup section */
		01907F441FE8C4D100DFB681 = {
			isa = PBXGroup;
			children = (
				01907F4F1FE8C4D100DFB681 /* ArticleBrowser */,
				01907F641FE8C4D100DFB681 /* ArticleBrowserTests */,
				01907F6F1FE8C4D100DFB681 /* ArticleBrowserUITests */,
				01907F4E1FE8C4D100DFB681 /* Products */,
				05D6234A63F7ADAA85B48FB6 /* Pods */,
				2FAB83E7BCF981616A7FEC88 /* Frameworks */,
			);
			sourceTree = "<group>";
		};
		01907F4E1FE8C4D100DFB681 /* Products */ = {
			isa = PBXGroup;
			children = (
				01907F4D1FE8C4D100DFB681 /* ArticleBrowser.app */,
				01907F611FE8C4D100DFB681 /* ArticleBrowserTests.xctest */,
				01907F6C1FE8C4D100DFB681 /* ArticleBrowserUITests.xctest */,
			);
			name = Products;
			sourceTree = "<group>";
		};
		01907F4F1FE8C4D100DFB681 /* ArticleBrowser */ = {
			isa = PBXGroup;
			children = (
				01BD5773200874B900E45B28 /* model */,
				01BD576D200862B300E45B28 /* LeftMenuViewController.swift */,
				01907F501FE8C4D100DFB681 /* AppDelegate.swift */,
				01907F521FE8C4D100DFB681 /* ViewController.swift */,
				01907F541FE8C4D100DFB681 /* Main.storyboard */,
				01907F571FE8C4D100DFB681 /* Assets.xcassets */,
				01907F591FE8C4D100DFB681 /* LaunchScreen.storyboard */,
				01907F5C1FE8C4D100DFB681 /* Info.plist */,
			);
			path = ArticleBrowser;
			sourceTree = "<group>";
		};
		01907F641FE8C4D100DFB681 /* ArticleBrowserTests */ = {
			isa = PBXGroup;
			children = (
				01907F651FE8C4D100DFB681 /* ArticleBrowserTests.swift */,
				01907F671FE8C4D100DFB681 /* Info.plist */,
			);
			path = ArticleBrowserTests;
			sourceTree = "<group>";
		};
		01907F6F1FE8C4D100DFB681 /* ArticleBrowserUITests */ = {
			isa = PBXGroup;
			children = (
				01907F701FE8C4D100DFB681 /* ArticleBrowserUITests.swift */,
				01907F721FE8C4D100DFB681 /* Info.plist */,
			);
			path = ArticleBrowserUITests;
			sourceTree = "<group>";
		};
		01BD5773200874B900E45B28 /* model */ = {
			isa = PBXGroup;
			children = (
				01BD5774200874F400E45B28 /* Todo.swift */,
				01BD5776200876DB00E45B28 /* BackendError.swift */,
			);
			path = model;
			sourceTree = "<group>";
		};
		05D6234A63F7ADAA85B48FB6 /* Pods */ = {
			isa = PBXGroup;
			children = (
				01D876D0647BE9C62E8DB968 /* Pods-ArticleBrowser.debug.xcconfig */,
				51A1ECADB02A41BA5C5BF02A /* Pods-ArticleBrowser.release.xcconfig */,
				732841100D28BB4C86D73059 /* Pods-ArticleBrowserTests.debug.xcconfig */,
				8555AB278D23250312667B4A /* Pods-ArticleBrowserTests.release.xcconfig */,
				753ACEF975250B35160D3F8E /* Pods-ArticleBrowserUITests.debug.xcconfig */,
				031F229A47B0316E727A47A1 /* Pods-ArticleBrowserUITests.release.xcconfig */,
			);
			name = Pods;
			sourceTree = "<group>";
		};
		2FAB83E7BCF981616A7FEC88 /* Frameworks */ = {
			isa = PBXGroup;
			children = (
				2ECA0FB924E25CBA14F34DA8 /* Pods_ArticleBrowser.framework */,
				25E2E3A3A98245F3BFD32FA8 /* Pods_ArticleBrowserTests.framework */,
				26EB40E35D044A873524E473 /* Pods_ArticleBrowserUITests.framework */,
			);
			name = Frameworks;
			sourceTree = "<group>";
		};
/* End PBXGroup section */

/* Begin PBXNativeTarget section */
		01907F4C1FE8C4D100DFB681 /* ArticleBrowser */ = {
			isa = PBXNativeTarget;
			buildConfigurationList = 01907F751FE8C4D100DFB681 /* Build configuration list for PBXNativeTarget "ArticleBrowser" */;
			buildPhases = (
				5ACED9965A463A6CE5E9E8F3 /* [CP] Check Pods Manifest.lock */,
				01907F491FE8C4D100DFB681 /* Sources */,
				01907F4A1FE8C4D100DFB681 /* Frameworks */,
				01907F4B1FE8C4D100DFB681 /* Resources */,
				44C3155FCB103984745E3D4F /* [CP] Embed Pods Frameworks */,
				1F49E41D92EEBBBE3CACD337 /* [CP] Copy Pods Resources */,
			);
			buildRules = (
			);
			dependencies = (
			);
			name = ArticleBrowser;
			productName = ArticleBrowser;
			productReference = 01907F4D1FE8C4D100DFB681 /* ArticleBrowser.app */;
			productType = "com.apple.product-type.application";
		};
		01907F601FE8C4D100DFB681 /* ArticleBrowserTests */ = {
			isa = PBXNativeTarget;
			buildConfigurationList = 01907F781FE8C4D100DFB681 /* Build configuration list for PBXNativeTarget "ArticleBrowserTests" */;
			buildPhases = (
				B2D8701CC99A4D30AFE8880F /* [CP] Check Pods Manifest.lock */,
				01907F5D1FE8C4D100DFB681 /* Sources */,
				01907F5E1FE8C4D100DFB681 /* Frameworks */,
				01907F5F1FE8C4D100DFB681 /* Resources */,
				FB8F46BF46C732E74018514B /* [CP] Embed Pods Frameworks */,
				33DB8ABEE3B38CDDF86EC0B3 /* [CP] Copy Pods Resources */,
			);
			buildRules = (
			);
			dependencies = (
				01907F631FE8C4D100DFB681 /* PBXTargetDependency */,
			);
			name = ArticleBrowserTests;
			productName = ArticleBrowserTests;
			productReference = 01907F611FE8C4D100DFB681 /* ArticleBrowserTests.xctest */;
			productType = "com.apple.product-type.bundle.unit-test";
		};
		01907F6B1FE8C4D100DFB681 /* ArticleBrowserUITests */ = {
			isa = PBXNativeTarget;
			buildConfigurationList = 01907F7B1FE8C4D100DFB681 /* Build configuration list for PBXNativeTarget "ArticleBrowserUITests" */;
			buildPhases = (
				FFB510325C48C4459BE4D9DD /* [CP] Check Pods Manifest.lock */,
				01907F681FE8C4D100DFB681 /* Sources */,
				01907F691FE8C4D100DFB681 /* Frameworks */,
				01907F6A1FE8C4D100DFB681 /* Resources */,
				27401665794FE4A8B06AED01 /* [CP] Embed Pods Frameworks */,
				46CEFA7CC699256AEF9E37EB /* [CP] Copy Pods Resources */,
			);
			buildRules = (
			);
			dependencies = (
				01907F6E1FE8C4D100DFB681 /* PBXTargetDependency */,
			);
			name = ArticleBrowserUITests;
			productName = ArticleBrowserUITests;
			productReference = 01907F6C1FE8C4D100DFB681 /* ArticleBrowserUITests.xctest */;
			productType = "com.apple.product-type.bundle.ui-testing";
		};
/* End PBXNativeTarget section */

/* Begin PBXProject section */
		01907F451FE8C4D100DFB681 /* Project object */ = {
			isa = PBXProject;
			attributes = {
				LastSwiftUpdateCheck = 0920;
				LastUpgradeCheck = 0920;
				ORGANIZATIONNAME = "MonkeyMan Technology";
				TargetAttributes = {
					01907F4C1FE8C4D100DFB681 = {
						CreatedOnToolsVersion = 9.2;
						LastSwiftMigration = 0920;
						ProvisioningStyle = Automatic;
					};
					01907F601FE8C4D100DFB681 = {
						CreatedOnToolsVersion = 9.2;
						ProvisioningStyle = Automatic;
						TestTargetID = 01907F4C1FE8C4D100DFB681;
					};
					01907F6B1FE8C4D100DFB681 = {
						CreatedOnToolsVersion = 9.2;
						ProvisioningStyle = Automatic;
						TestTargetID = 01907F4C1FE8C4D100DFB681;
					};
				};
			};
			buildConfigurationList = 01907F481FE8C4D100DFB681 /* Build configuration list for PBXProject "ArticleBrowser" */;
			compatibilityVersion = "Xcode 8.0";
			developmentRegion = en;
			hasScannedForEncodings = 0;
			knownRegions = (
				en,
				Base,
			);
			mainGroup = 01907F441FE8C4D100DFB681;
			productRefGroup = 01907F4E1FE8C4D100DFB681 /* Products */;
			projectDirPath = "";
			projectRoot = "";
			targets = (
				01907F4C1FE8C4D100DFB681 /* ArticleBrowser */,
				01907F601FE8C4D100DFB681 /* ArticleBrowserTests */,
				01907F6B1FE8C4D100DFB681 /* ArticleBrowserUITests */,
			);
		};
/* End PBXProject section */

/* Begin PBXResourcesBuildPhase section */
		01907F4B1FE8C4D100DFB681 /* Resources */ = {
			isa = PBXResourcesBuildPhase;
			buildActionMask = 2147483647;
			files = (
				01907F5B1FE8C4D100DFB681 /* LaunchScreen.storyboard in Resources */,
				01907F581FE8C4D100DFB681 /* Assets.xcassets in Resources */,
				01907F561FE8C4D100DFB681 /* Main.storyboard in Resources */,
			);
			runOnlyForDeploymentPostprocessing = 0;
		};
		01907F5F1FE8C4D100DFB681 /* Resources */ = {
			isa = PBXResourcesBuildPhase;
			buildActionMask = 2147483647;
			files = (
			);
			runOnlyForDeploymentPostprocessing = 0;
		};
		01907F6A1FE8C4D100DFB681 /* Resources */ = {
			isa = PBXResourcesBuildPhase;
			buildActionMask = 2147483647;
			files = (
			);
			runOnlyForDeploymentPostprocessing = 0;
		};
/* End PBXResourcesBuildPhase section */

/* Begin PBXShellScriptBuildPhase section */
		1F49E41D92EEBBBE3CACD337 /* [CP] Copy Pods Resources */ = {
			isa = PBXShellScriptBuildPhase;
			buildActionMask = 2147483647;
			files = (
			);
			inputPaths = (
			);
			name = "[CP] Copy Pods Resources";
			outputPaths = (
			);
			runOnlyForDeploymentPostprocessing = 0;
			shellPath = /bin/sh;
			shellScript = "\"${SRCROOT}/Pods/Target Support Files/Pods-ArticleBrowser/Pods-ArticleBrowser-resources.sh\"\n";
			showEnvVarsInLog = 0;
		};
		27401665794FE4A8B06AED01 /* [CP] Embed Pods Frameworks */ = {
			isa = PBXShellScriptBuildPhase;
			buildActionMask = 2147483647;
			files = (
			);
			inputPaths = (
			);
			name = "[CP] Embed Pods Frameworks";
			outputPaths = (
			);
			runOnlyForDeploymentPostprocessing = 0;
			shellPath = /bin/sh;
			shellScript = "\"${SRCROOT}/Pods/Target Support Files/Pods-ArticleBrowserUITests/Pods-ArticleBrowserUITests-frameworks.sh\"\n";
			showEnvVarsInLog = 0;
		};
		33DB8ABEE3B38CDDF86EC0B3 /* [CP] Copy Pods Resources */ = {
			isa = PBXShellScriptBuildPhase;
			buildActionMask = 2147483647;
			files = (
			);
			inputPaths = (
			);
			name = "[CP] Copy Pods Resources";
			outputPaths = (
			);
			runOnlyForDeploymentPostprocessing = 0;
			shellPath = /bin/sh;
			shellScript = "\"${SRCROOT}/Pods/Target Support Files/Pods-ArticleBrowserTests/Pods-ArticleBrowserTests-resources.sh\"\n";
			showEnvVarsInLog = 0;
		};
		44C3155FCB103984745E3D4F /* [CP] Embed Pods Frameworks */ = {
			isa = PBXShellScriptBuildPhase;
			buildActionMask = 2147483647;
			files = (
			);
			inputPaths = (
				"${SRCROOT}/Pods/Target Support Files/Pods-ArticleBrowser/Pods-ArticleBrowser-frameworks.sh",
				"${BUILT_PRODUCTS_DIR}/MMDrawerController/MMDrawerController.framework",
			);
			name = "[CP] Embed Pods Frameworks";
			outputPaths = (
				"${TARGET_BUILD_DIR}/${FRAMEWORKS_FOLDER_PATH}/MMDrawerController.framework",
			);
			runOnlyForDeploymentPostprocessing = 0;
			shellPath = /bin/sh;
			shellScript = "\"${SRCROOT}/Pods/Target Support Files/Pods-ArticleBrowser/Pods-ArticleBrowser-frameworks.sh\"\n";
			showEnvVarsInLog = 0;
		};
		46CEFA7CC699256AEF9E37EB /* [CP] Copy Pods Resources */ = {
			isa = PBXShellScriptBuildPhase;
			buildActionMask = 2147483647;
			files = (
			);
			inputPaths = (
			);
			name = "[CP] Copy Pods Resources";
			outputPaths = (
			);
			runOnlyForDeploymentPostprocessing = 0;
			shellPath = /bin/sh;
			shellScript = "\"${SRCROOT}/Pods/Target Support Files/Pods-ArticleBrowserUITests/Pods-ArticleBrowserUITests-resources.sh\"\n";
			showEnvVarsInLog = 0;
		};
		5ACED9965A463A6CE5E9E8F3 /* [CP] Check Pods Manifest.lock */ = {
			isa = PBXShellScriptBuildPhase;
			buildActionMask = 2147483647;
			files = (
			);
			inputPaths = (
				"${PODS_PODFILE_DIR_PATH}/Podfile.lock",
				"${PODS_ROOT}/Manifest.lock",
			);
			name = "[CP] Check Pods Manifest.lock";
			outputPaths = (
				"$(DERIVED_FILE_DIR)/Pods-ArticleBrowser-checkManifestLockResult.txt",
			);
			runOnlyForDeploymentPostprocessing = 0;
			shellPath = /bin/sh;
			shellScript = "diff \"${PODS_PODFILE_DIR_PATH}/Podfile.lock\" \"${PODS_ROOT}/Manifest.lock\" > /dev/null\nif [ $? != 0 ] ; then\n    # print error to STDERR\n    echo \"error: The sandbox is not in sync with the Podfile.lock. Run 'pod install' or update your CocoaPods installation.\" >&2\n    exit 1\nfi\n# This output is used by Xcode 'outputs' to avoid re-running this script phase.\necho \"SUCCESS\" > \"${SCRIPT_OUTPUT_FILE_0}\"\n";
			showEnvVarsInLog = 0;
		};
		B2D8701CC99A4D30AFE8880F /* [CP] Check Pods Manifest.lock */ = {
			isa = PBXShellScriptBuildPhase;
			buildActionMask = 2147483647;
			files = (
			);
			inputPaths = (
				"${PODS_PODFILE_DIR_PATH}/Podfile.lock",
				"${PODS_ROOT}/Manifest.lock",
			);
			name = "[CP] Check Pods Manifest.lock";
			outputPaths = (
				"$(DERIVED_FILE_DIR)/Pods-ArticleBrowserTests-checkManifestLockResult.txt",
			);
			runOnlyForDeploymentPostprocessing = 0;
			shellPath = /bin/sh;
			shellScript = "diff \"${PODS_PODFILE_DIR_PATH}/Podfile.lock\" \"${PODS_ROOT}/Manifest.lock\" > /dev/null\nif [ $? != 0 ] ; then\n    # print error to STDERR\n    echo \"error: The sandbox is not in sync with the Podfile.lock. Run 'pod install' or update your CocoaPods installation.\" >&2\n    exit 1\nfi\n# This output is used by Xcode 'outputs' to avoid re-running this script phase.\necho \"SUCCESS\" > \"${SCRIPT_OUTPUT_FILE_0}\"\n";
			showEnvVarsInLog = 0;
		};
		FB8F46BF46C732E74018514B /* [CP] Embed Pods Frameworks */ = {
			isa = PBXShellScriptBuildPhase;
			buildActionMask = 2147483647;
			files = (
			);
			inputPaths = (
			);
			name = "[CP] Embed Pods Frameworks";
			outputPaths = (
			);
			runOnlyForDeploymentPostprocessing = 0;
			shellPath = /bin/sh;
			shellScript = "\"${SRCROOT}/Pods/Target Support Files/Pods-ArticleBrowserTests/Pods-ArticleBrowserTests-frameworks.sh\"\n";
			showEnvVarsInLog = 0;
		};
		FFB510325C48C4459BE4D9DD /* [CP] Check Pods Manifest.lock */ = {
			isa = PBXShellScriptBuildPhase;
			buildActionMask = 2147483647;
			files = (
			);
			inputPaths = (
				"${PODS_PODFILE_DIR_PATH}/Podfile.lock",
				"${PODS_ROOT}/Manifest.lock",
			);
			name = "[CP] Check Pods Manifest.lock";
			outputPaths = (
				"$(DERIVED_FILE_DIR)/Pods-ArticleBrowserUITests-checkManifestLockResult.txt",
			);
			runOnlyForDeploymentPostprocessing = 0;
			shellPath = /bin/sh;
			shellScript = "diff \"${PODS_PODFILE_DIR_PATH}/Podfile.lock\" \"${PODS_ROOT}/Manifest.lock\" > /dev/null\nif [ $? != 0 ] ; then\n    # print error to STDERR\n    echo \"error: The sandbox is not in sync with the Podfile.lock. Run 'pod install' or update your CocoaPods installation.\" >&2\n    exit 1\nfi\n# This output is used by Xcode 'outputs' to avoid re-running this script phase.\necho \"SUCCESS\" > \"${SCRIPT_OUTPUT_FILE_0}\"\n";
			showEnvVarsInLog = 0;
		};
/* End PBXShellScriptBuildPhase section */

/* Begin PBXSourcesBuildPhase section */
		01907F491FE8C4D100DFB681 /* Sources */ = {
			isa = PBXSourcesBuildPhase;
			buildActionMask = 2147483647;
			files = (
				01907F531FE8C4D100DFB681 /* ViewController.swift in Sources */,
				01907F511FE8C4D100DFB681 /* AppDelegate.swift in Sources */,
				01BD5777200876DB00E45B28 /* BackendError.swift in Sources */,
				01BD576E200862B300E45B28 /* LeftMenuViewController.swift in Sources */,
				01BD5775200874F400E45B28 /* Todo.swift in Sources */,
			);
			runOnlyForDeploymentPostprocessing = 0;
		};
		01907F5D1FE8C4D100DFB681 /* Sources */ = {
			isa = PBXSourcesBuildPhase;
			buildActionMask = 2147483647;
			files = (
				01907F661FE8C4D100DFB681 /* ArticleBrowserTests.swift in Sources */,
			);
			runOnlyForDeploymentPostprocessing = 0;
		};
		01907F681FE8C4D100DFB681 /* Sources */ = {
			isa = PBXSourcesBuildPhase;
			buildActionMask = 2147483647;
			files = (
				01907F711FE8C4D100DFB681 /* ArticleBrowserUITests.swift in Sources */,
			);
			runOnlyForDeploymentPostprocessing = 0;
		};
/* End PBXSourcesBuildPhase section */

/* Begin PBXTargetDependency section */
		01907F631FE8C4D100DFB681 /* PBXTargetDependency */ = {
			isa = PBXTargetDependency;
			target = 01907F4C1FE8C4D100DFB681 /* ArticleBrowser */;
			targetProxy = 01907F621FE8C4D100DFB681 /* PBXContainerItemProxy */;
		};
		01907F6E1FE8C4D100DFB681 /* PBXTargetDependency */ = {
			isa = PBXTargetDependency;
			target = 01907F4C1FE8C4D100DFB681 /* ArticleBrowser */;
			targetProxy = 01907F6D1FE8C4D100DFB681 /* PBXContainerItemProxy */;
		};
/* End PBXTargetDependency section */

/* Begin PBXVariantGroup section */
		01907F541FE8C4D100DFB681 /* Main.storyboard */ = {
			isa = PBXVariantGroup;
			children = (
				01907F551FE8C4D100DFB681 /* Base */,
			);
			name = Main.storyboard;
			sourceTree = "<group>";
		};
		01907F591FE8C4D100DFB681 /* LaunchScreen.storyboard */ = {
			isa = PBXVariantGroup;
			children = (
				01907F5A1FE8C4D100DFB681 /* Base */,
			);
			name = LaunchScreen.storyboard;
			sourceTree = "<group>";
		};
/* End PBXVariantGroup section */

/* Begin XCBuildConfiguration section */
		01907F731FE8C4D100DFB681 /* Debug */ = {
			isa = XCBuildConfiguration;
			buildSettings = {
				ALWAYS_SEARCH_USER_PATHS = NO;
				CLANG_ANALYZER_NONNULL = YES;
				CLANG_ANALYZER_NUMBER_OBJECT_CONVERSION = YES_AGGRESSIVE;
				CLANG_CXX_LANGUAGE_STANDARD = "gnu++14";
				CLANG_CXX_LIBRARY = "libc++";
				CLANG_ENABLE_MODULES = YES;
				CLANG_ENABLE_OBJC_ARC = YES;
				CLANG_WARN_BLOCK_CAPTURE_AUTORELEASING = YES;
				CLANG_WARN_BOOL_CONVERSION = YES;
				CLANG_WARN_COMMA = YES;
				CLANG_WARN_CONSTANT_CONVERSION = YES;
				CLANG_WARN_DIRECT_OBJC_ISA_USAGE = YES_ERROR;
				CLANG_WARN_DOCUMENTATION_COMMENTS = YES;
				CLANG_WARN_EMPTY_BODY = YES;
				CLANG_WARN_ENUM_CONVERSION = YES;
				CLANG_WARN_INFINITE_RECURSION = YES;
				CLANG_WARN_INT_CONVERSION = YES;
				CLANG_WARN_NON_LITERAL_NULL_CONVERSION = YES;
				CLANG_WARN_OBJC_LITERAL_CONVERSION = YES;
				CLANG_WARN_OBJC_ROOT_CLASS = YES_ERROR;
				CLANG_WARN_RANGE_LOOP_ANALYSIS = YES;
				CLANG_WARN_STRICT_PROTOTYPES = YES;
				CLANG_WARN_SUSPICIOUS_MOVE = YES;
				CLANG_WARN_UNGUARDED_AVAILABILITY = YES_AGGRESSIVE;
				CLANG_WARN_UNREACHABLE_CODE = YES;
				CLANG_WARN__DUPLICATE_METHOD_MATCH = YES;
				CODE_SIGN_IDENTITY = "iPhone Developer";
				COPY_PHASE_STRIP = NO;
				DEBUG_INFORMATION_FORMAT = dwarf;
				ENABLE_STRICT_OBJC_MSGSEND = YES;
				ENABLE_TESTABILITY = YES;
				GCC_C_LANGUAGE_STANDARD = gnu11;
				GCC_DYNAMIC_NO_PIC = NO;
				GCC_NO_COMMON_BLOCKS = YES;
				GCC_OPTIMIZATION_LEVEL = 0;
				GCC_PREPROCESSOR_DEFINITIONS = (
					"DEBUG=1",
					"$(inherited)",
				);
				GCC_WARN_64_TO_32_BIT_CONVERSION = YES;
				GCC_WARN_ABOUT_RETURN_TYPE = YES_ERROR;
				GCC_WARN_UNDECLARED_SELECTOR = YES;
				GCC_WARN_UNINITIALIZED_AUTOS = YES_AGGRESSIVE;
				GCC_WARN_UNUSED_FUNCTION = YES;
				GCC_WARN_UNUSED_VARIABLE = YES;
				IPHONEOS_DEPLOYMENT_TARGET = 11.2;
				MTL_ENABLE_DEBUG_INFO = YES;
				ONLY_ACTIVE_ARCH = YES;
				SDKROOT = iphoneos;
				SWIFT_ACTIVE_COMPILATION_CONDITIONS = DEBUG;
				SWIFT_OPTIMIZATION_LEVEL = "-Onone";
			};
			name = Debug;
		};
		01907F741FE8C4D100DFB681 /* Release */ = {
			isa = XCBuildConfiguration;
			buildSettings = {
				ALWAYS_SEARCH_USER_PATHS = NO;
				CLANG_ANALYZER_NONNULL = YES;
				CLANG_ANALYZER_NUMBER_OBJECT_CONVERSION = YES_AGGRESSIVE;
				CLANG_CXX_LANGUAGE_STANDARD = "gnu++14";
				CLANG_CXX_LIBRARY = "libc++";
				CLANG_ENABLE_MODULES = YES;
				CLANG_ENABLE_OBJC_ARC = YES;
				CLANG_WARN_BLOCK_CAPTURE_AUTORELEASING = YES;
				CLANG_WARN_BOOL_CONVERSION = YES;
				CLANG_WARN_COMMA = YES;
				CLANG_WARN_CONSTANT_CONVERSION = YES;
				CLANG_WARN_DIRECT_OBJC_ISA_USAGE = YES_ERROR;
				CLANG_WARN_DOCUMENTATION_COMMENTS = YES;
				CLANG_WARN_EMPTY_BODY = YES;
				CLANG_WARN_ENUM_CONVERSION = YES;
				CLANG_WARN_INFINITE_RECURSION = YES;
				CLANG_WARN_INT_CONVERSION = YES;
				CLANG_WARN_NON_LITERAL_NULL_CONVERSION = YES;
				CLANG_WARN_OBJC_LITERAL_CONVERSION = YES;
				CLANG_WARN_OBJC_ROOT_CLASS = YES_ERROR;
				CLANG_WARN_RANGE_LOOP_ANALYSIS = YES;
				CLANG_WARN_STRICT_PROTOTYPES = YES;
				CLANG_WARN_SUSPICIOUS_MOVE = YES;
				CLANG_WARN_UNGUARDED_AVAILABILITY = YES_AGGRESSIVE;
				CLANG_WARN_UNREACHABLE_CODE = YES;
				CLANG_WARN__DUPLICATE_METHOD_MATCH = YES;
				CODE_SIGN_IDENTITY = "iPhone Developer";
				COPY_PHASE_STRIP = NO;
				DEBUG_INFORMATION_FORMAT = "dwarf-with-dsym";
				ENABLE_NS_ASSERTIONS = NO;
				ENABLE_STRICT_OBJC_MSGSEND = YES;
				GCC_C_LANGUAGE_STANDARD = gnu11;
				GCC_NO_COMMON_BLOCKS = YES;
				GCC_WARN_64_TO_32_BIT_CONVERSION = YES;
				GCC_WARN_ABOUT_RETURN_TYPE = YES_ERROR;
				GCC_WARN_UNDECLARED_SELECTOR = YES;
				GCC_WARN_UNINITIALIZED_AUTOS = YES_AGGRESSIVE;
				GCC_WARN_UNUSED_FUNCTION = YES;
				GCC_WARN_UNUSED_VARIABLE = YES;
				IPHONEOS_DEPLOYMENT_TARGET = 11.2;
				MTL_ENABLE_DEBUG_INFO = NO;
				SDKROOT = iphoneos;
				SWIFT_OPTIMIZATION_LEVEL = "-Owholemodule";
				VALIDATE_PRODUCT = YES;
			};
			name = Release;
		};
		01907F761FE8C4D100DFB681 /* Debug */ = {
			isa = XCBuildConfiguration;
			baseConfigurationReference = 01D876D0647BE9C62E8DB968 /* Pods-ArticleBrowser.debug.xcconfig */;
			buildSettings = {
				ASSETCATALOG_COMPILER_APPICON_NAME = AppIcon;
				CLANG_ENABLE_MODULES = YES;
				CODE_SIGN_STYLE = Automatic;
				DEVELOPMENT_TEAM = CPD56F56QP;
				INFOPLIST_FILE = ArticleBrowser/Info.plist;
				LD_RUNPATH_SEARCH_PATHS = "$(inherited) @executable_path/Frameworks";
				PRODUCT_BUNDLE_IDENTIFIER = com.monkeymantech.ArticleBrowser;
				PRODUCT_NAME = "$(TARGET_NAME)";
				SWIFT_OBJC_BRIDGING_HEADER = "";
				SWIFT_OPTIMIZATION_LEVEL = "-Onone";
				SWIFT_VERSION = 4.0;
				TARGETED_DEVICE_FAMILY = "1,2";
			};
			name = Debug;
		};
		01907F771FE8C4D100DFB681 /* Release */ = {
			isa = XCBuildConfiguration;
			baseConfigurationReference = 51A1ECADB02A41BA5C5BF02A /* Pods-ArticleBrowser.release.xcconfig */;
			buildSettings = {
				ASSETCATALOG_COMPILER_APPICON_NAME = AppIcon;
				CLANG_ENABLE_MODULES = YES;
				CODE_SIGN_STYLE = Automatic;
				DEVELOPMENT_TEAM = CPD56F56QP;
				INFOPLIST_FILE = ArticleBrowser/Info.plist;
				LD_RUNPATH_SEARCH_PATHS = "$(inherited) @executable_path/Frameworks";
				PRODUCT_BUNDLE_IDENTIFIER = com.monkeymantech.ArticleBrowser;
				PRODUCT_NAME = "$(TARGET_NAME)";
				SWIFT_OBJC_BRIDGING_HEADER = "";
				SWIFT_VERSION = 4.0;
				TARGETED_DEVICE_FAMILY = "1,2";
			};
			name = Release;
		};
		01907F791FE8C4D100DFB681 /* Debug */ = {
			isa = XCBuildConfiguration;
			baseConfigurationReference = 732841100D28BB4C86D73059 /* Pods-ArticleBrowserTests.debug.xcconfig */;
			buildSettings = {
				ALWAYS_EMBED_SWIFT_STANDARD_LIBRARIES = YES;
				BUNDLE_LOADER = "$(TEST_HOST)";
				CODE_SIGN_STYLE = Automatic;
				DEVELOPMENT_TEAM = CPD56F56QP;
				INFOPLIST_FILE = ArticleBrowserTests/Info.plist;
				LD_RUNPATH_SEARCH_PATHS = "$(inherited) @executable_path/Frameworks @loader_path/Frameworks";
				PRODUCT_BUNDLE_IDENTIFIER = com.monkeymantech.ArticleBrowserTests;
				PRODUCT_NAME = "$(TARGET_NAME)";
				SWIFT_VERSION = 4.0;
				TARGETED_DEVICE_FAMILY = "1,2";
				TEST_HOST = "$(BUILT_PRODUCTS_DIR)/ArticleBrowser.app/ArticleBrowser";
			};
			name = Debug;
		};
		01907F7A1FE8C4D100DFB681 /* Release */ = {
			isa = XCBuildConfiguration;
			baseConfigurationReference = 8555AB278D23250312667B4A /* Pods-ArticleBrowserTests.release.xcconfig */;
			buildSettings = {
				ALWAYS_EMBED_SWIFT_STANDARD_LIBRARIES = YES;
				BUNDLE_LOADER = "$(TEST_HOST)";
				CODE_SIGN_STYLE = Automatic;
				DEVELOPMENT_TEAM = CPD56F56QP;
				INFOPLIST_FILE = ArticleBrowserTests/Info.plist;
				LD_RUNPATH_SEARCH_PATHS = "$(inherited) @executable_path/Frameworks @loader_path/Frameworks";
				PRODUCT_BUNDLE_IDENTIFIER = com.monkeymantech.ArticleBrowserTests;
				PRODUCT_NAME = "$(TARGET_NAME)";
				SWIFT_VERSION = 4.0;
				TARGETED_DEVICE_FAMILY = "1,2";
				TEST_HOST = "$(BUILT_PRODUCTS_DIR)/ArticleBrowser.app/ArticleBrowser";
			};
			name = Release;
		};
		01907F7C1FE8C4D100DFB681 /* Debug */ = {
			isa = XCBuildConfiguration;
			baseConfigurationReference = 753ACEF975250B35160D3F8E /* Pods-ArticleBrowserUITests.debug.xcconfig */;
			buildSettings = {
				ALWAYS_EMBED_SWIFT_STANDARD_LIBRARIES = YES;
				CODE_SIGN_STYLE = Automatic;
				DEVELOPMENT_TEAM = CPD56F56QP;
				INFOPLIST_FILE = ArticleBrowserUITests/Info.plist;
				LD_RUNPATH_SEARCH_PATHS = "$(inherited) @executable_path/Frameworks @loader_path/Frameworks";
				PRODUCT_BUNDLE_IDENTIFIER = com.monkeymantech.ArticleBrowserUITests;
				PRODUCT_NAME = "$(TARGET_NAME)";
				SWIFT_VERSION = 4.0;
				TARGETED_DEVICE_FAMILY = "1,2";
				TEST_TARGET_NAME = ArticleBrowser;
			};
			name = Debug;
		};
		01907F7D1FE8C4D100DFB681 /* Release */ = {
			isa = XCBuildConfiguration;
			baseConfigurationReference = 031F229A47B0316E727A47A1 /* Pods-ArticleBrowserUITests.release.xcconfig */;
			buildSettings = {
				ALWAYS_EMBED_SWIFT_STANDARD_LIBRARIES = YES;
				CODE_SIGN_STYLE = Automatic;
				DEVELOPMENT_TEAM = CPD56F56QP;
				INFOPLIST_FILE = ArticleBrowserUITests/Info.plist;
				LD_RUNPATH_SEARCH_PATHS = "$(inherited) @executable_path/Frameworks @loader_path/Frameworks";
				PRODUCT_BUNDLE_IDENTIFIER = com.monkeymantech.ArticleBrowserUITests;
				PRODUCT_NAME = "$(TARGET_NAME)";
				SWIFT_VERSION = 4.0;
				TARGETED_DEVICE_FAMILY = "1,2";
				TEST_TARGET_NAME = ArticleBrowser;
			};
			name = Release;
		};
/* End XCBuildConfiguration section */

/* Begin XCConfigurationList section */
		01907F481FE8C4D100DFB681 /* Build configuration list for PBXProject "ArticleBrowser" */ = {
			isa = XCConfigurationList;
			buildConfigurations = (
				01907F731FE8C4D100DFB681 /* Debug */,
				01907F741FE8C4D100DFB681 /* Release */,
			);
			defaultConfigurationIsVisible = 0;
			defaultConfigurationName = Release;
		};
		01907F751FE8C4D100DFB681 /* Build configuration list for PBXNativeTarget "ArticleBrowser" */ = {
			isa = XCConfigurationList;
			buildConfigurations = (
				01907F761FE8C4D100DFB681 /* Debug */,
				01907F771FE8C4D100DFB681 /* Release */,
			);
			defaultConfigurationIsVisible = 0;
			defaultConfigurationName = Release;
		};
		01907F781FE8C4D100DFB681 /* Build configuration list for PBXNativeTarget "ArticleBrowserTests" */ = {
			isa = XCConfigurationList;
			buildConfigurations = (
				01907F791FE8C4D100DFB681 /* Debug */,
				01907F7A1FE8C4D100DFB681 /* Release */,
			);
			defaultConfigurationIsVisible = 0;
			defaultConfigurationName = Release;
		};
		01907F7B1FE8C4D100DFB681 /* Build configuration list for PBXNativeTarget "ArticleBrowserUITests" */ = {
			isa = XCConfigurationList;
			buildConfigurations = (
				01907F7C1FE8C4D100DFB681 /* Debug */,
				01907F7D1FE8C4D100DFB681 /* Release */,
			);
			defaultConfigurationIsVisible = 0;
			defaultConfigurationName = Release;
		};
/* End XCConfigurationList section */
	};
	rootObject = 01907F451FE8C4D100DFB681 /* Project object */;
}
